
Microsoft Visual Studio Solution File, Format Version 12.00
# Visual Studio 14
VisualStudioVersion = 14.0.23107.0
MinimumVisualStudioVersion = 10.0.40219.1
Project("{FAE04EC0-301F-11D3-BF4B-00C04F79EFBC}") = "10-1", "10-1\10-1.csproj", "{147D2C9A-5FCA-4BB5-9F18-853DF8ED616B}"
EndProject
Project("{FAE04EC0-301F-11D3-BF4B-00C04F79EFBC}") = "10-2", "10-2\10-2.csproj", "{0731A8AE-3A7A-4447-A8EE-7F12C230CDEC}"
EndProject
Project("{FAE04EC0-301F-11D3-BF4B-00C04F79EFBC}") = "11-1", "11-1\11-1.csproj", "{8E3B22AC-1FBE-4987-859F-3F53418FD5E3}"
EndProject
Project("{FAE04EC0-301F-11D3-BF4B-00C04F79EFBC}") = "01-1", "01-1\01-1.csproj", "{4776FFC5-6A0B-47A9-97FF-997B5BA32F73}"
EndProject
Project("{FAE04EC0-301F-11D3-BF4B-00C04F79EFBC}") = "01-2", "01-2\01-2.csproj", "{DD0FD7E3-9C8A-4DE4-9968-A3481847906A}"
EndProject
Project("{FAE04EC0-301F-11D3-BF4B-00C04F79EFBC}") = "02-1", "02-1\02-1.csproj", "{9847FBF2-E71D-435E-BCDF-1E57EEED0BD0}"
EndProject
Project("{FAE04EC0-301F-11D3-BF4B-00C04F79EFBC}") = "02-2", "02-2\02-2.csproj", "{0B28295A-6D22-4CE0-9970-82E0E05B0CC7}"
EndProject
Project("{FAE04EC0-301F-11D3-BF4B-00C04F79EFBC}") = "03-1", "03-1\03-1.csproj", "{94041D15-96A1-4E1C-AD18-3EF986C066F7}"
EndProject
Project("{FAE04EC0-301F-11D3-BF4B-00C04F79EFBC}") = "03-2", "03-2\03-2.csproj", "{2E32FC83-CEB0-40F1-B858-CEB7FD2A255F}"
EndProject
Project("{FAE04EC0-301F-11D3-BF4B-00C04F79EFBC}") = "04-1", "04-1\04-1.csproj", "{FC53CB6F-804B-465A-9C06-8D25E908B6BE}"
EndProject
Project("{FAE04EC0-301F-11D3-BF4B-00C04F79EFBC}") = "04-2", "04-2\04-2.csproj", "{D0C57690-5627-4BED-840C-0316BD907405}"
EndProject
Project("{FAE04EC0-301F-11D3-BF4B-00C04F79EFBC}") = "05-1", "05-1\05-1.csproj", "{083B6977-D1FD-4FE7-80AF-558BC86F622D}"
EndProject
Project("{FAE04EC0-301F-11D3-BF4B-00C04F79EFBC}") = "05-2", "05-2\05-2.csproj", "{08753E7A-6A32-4C0F-B395-F21A343D76B5}"
EndProject
Project("{FAE04EC0-301F-11D3-BF4B-00C04F79EFBC}") = "06-1", "06-1\06-1.csproj", "{87476DB6-81B7-419C-ACD0-117B76B374BA}"
EndProject
Project("{FAE04EC0-301F-11D3-BF4B-00C04F79EFBC}") = "06-2", "06-2\06-2.csproj", "{346DA379-F50E-43BD-966E-F2EDA1A7C35C}"
EndProject
Project("{FAE04EC0-301F-11D3-BF4B-00C04F79EFBC}") = "07-1", "07-1\07-1.csproj", "{4B727BE8-5E2D-483F-B7DB-8D3F085D7FD6}"
EndProject
Project("{FAE04EC0-301F-11D3-BF4B-00C04F79EFBC}") = "07-2", "07-2\07-2.csproj", "{78563890-D2FD-4509-A7A1-56B3348E8AE6}"
EndProject
Project("{FAE04EC0-301F-11D3-BF4B-00C04F79EFBC}") = "08-1", "08-1\08-1.csproj", "{FC27A5B7-2E4D-4526-A87B-BB0C49B75F7A}"
EndProject
Project("{FAE04EC0-301F-11D3-BF4B-00C04F79EFBC}") = "08-2", "08-2\08-2.csproj", "{E90B5817-6F2E-4353-ABDA-048C95B627C0}"
EndProject
Project("{FAE04EC0-301F-11D3-BF4B-00C04F79EFBC}") = "09-1", "09-1\09-1.csproj", "{568F5D7E-7799-495F-8186-503CF9EF7E66}"
EndProject
Project("{FAE04EC0-301F-11D3-BF4B-00C04F79EFBC}") = "09-2", "09-2\09-2.csproj", "{2E27616C-8929-45A3-A28C-60F284395AD7}"
EndProject
Project("{FAE04EC0-301F-11D3-BF4B-00C04F79EFBC}") = "11-2", "11-2\11-2.csproj", "{E8FBB760-FE33-4311-88DF-DF47063B9466}"
EndProject
Project("{FAE04EC0-301F-11D3-BF4B-00C04F79EFBC}") = "12-1", "12-1\12-1.csproj", "{01CE0E43-B736-4DF9-9405-8C8B62FA76EA}"
EndProject
Project("{FAE04EC0-301F-11D3-BF4B-00C04F79EFBC}") = "12-2", "12-2\12-2.csproj", "{8BEA4F85-08EF-4B34-82DE-6E38F8FFDF9F}"
EndProject
Project("{FAE04EC0-301F-11D3-BF4B-00C04F79EFBC}") = "13-1", "13-1\13-1.csproj", "{AD39B7E3-5DD7-4392-9B68-706C7D5122FE}"
EndProject
Project("{FAE04EC0-301F-11D3-BF4B-00C04F79EFBC}") = "13-2", "13-2\13-2.csproj", "{D6A6A603-ED16-4F49-9D51-B33B8F509ADB}"
EndProject
Project("{FAE04EC0-301F-11D3-BF4B-00C04F79EFBC}") = "14-1", "14-1\14-1.csproj", "{4E1D529F-686F-47D6-9423-65457FD0C9A5}"
EndProject
Project("{FAE04EC0-301F-11D3-BF4B-00C04F79EFBC}") = "14-2", "14-2\14-2.csproj", "{F713114E-1598-41F1-B29D-58122CA7653D}"
EndProject
Project("{FAE04EC0-301F-11D3-BF4B-00C04F79EFBC}") = "15-1", "15-1\15-1.csproj", "{DC1AE629-FC4E-4E1E-9A2E-22A633925AC2}"
EndProject
Project("{FAE04EC0-301F-11D3-BF4B-00C04F79EFBC}") = "15-2", "15-2\15-2.csproj", "{7527F23B-6C05-4E45-A3FD-69C315621C35}"
EndProject
Project("{FAE04EC0-301F-11D3-BF4B-00C04F79EFBC}") = "16-1", "16-1\16-1.csproj", "{4ACBF4A1-1F51-4F46-A5E8-408AA6BE7DFD}"
EndProject
Project("{FAE04EC0-301F-11D3-BF4B-00C04F79EFBC}") = "16-2", "16-2\16-2.csproj", "{735120FE-0440-4D01-8BA5-A3ACDD4F26EB}"
EndProject
Project("{FAE04EC0-301F-11D3-BF4B-00C04F79EFBC}") = "17-1", "17-1\17-1.csproj", "{CE8F25A6-3A68-4562-A2AD-275AD5870BCB}"
EndProject
Project("{FAE04EC0-301F-11D3-BF4B-00C04F79EFBC}") = "17-2", "17-2\17-2.csproj", "{C41EEAC2-0F7C-408C-B349-B8B41EC3F362}"
EndProject
Project("{FAE04EC0-301F-11D3-BF4B-00C04F79EFBC}") = "18-1", "18-1\18-1.csproj", "{0B531B97-8F53-4BCE-B92D-946325B2C997}"
EndProject
Project("{FAE04EC0-301F-11D3-BF4B-00C04F79EFBC}") = "18-2", "18-2\18-2.csproj", "{5C807C90-437E-45A1-B14B-879F5409DA0A}"
EndProject
Project("{FAE04EC0-301F-11D3-BF4B-00C04F79EFBC}") = "19-1", "19-1\19-1.csproj", "{66C3BB25-0364-4ACE-B778-90A8119C178D}"
EndProject
Project("{FAE04EC0-301F-11D3-BF4B-00C04F79EFBC}") = "19-2", "19-2\19-2.csproj", "{ABCCE6E3-CE46-440D-B241-77A5B36D790F}"
EndProject
Project("{FAE04EC0-301F-11D3-BF4B-00C04F79EFBC}") = "20-2", "20-2\20-2.csproj", "{1EC0A23A-403D-43EA-94EC-27FB33BE73C1}"
EndProject
Project("{FAE04EC0-301F-11D3-BF4B-00C04F79EFBC}") = "20-1", "20-1\20-1.csproj", "{9A805D17-99E7-470C-A354-AD0B4EACBFFF}"
EndProject
Global
	GlobalSection(SolutionConfigurationPlatforms) = preSolution
		Debug|Any CPU = Debug|Any CPU
		Release|Any CPU = Release|Any CPU
	EndGlobalSection
	GlobalSection(ProjectConfigurationPlatforms) = postSolution
		{147D2C9A-5FCA-4BB5-9F18-853DF8ED616B}.Debug|Any CPU.ActiveCfg = Debug|Any CPU
		{147D2C9A-5FCA-4BB5-9F18-853DF8ED616B}.Debug|Any CPU.Build.0 = Debug|Any CPU
		{147D2C9A-5FCA-4BB5-9F18-853DF8ED616B}.Release|Any CPU.ActiveCfg = Release|Any CPU
		{147D2C9A-5FCA-4BB5-9F18-853DF8ED616B}.Release|Any CPU.Build.0 = Release|Any CPU
		{0731A8AE-3A7A-4447-A8EE-7F12C230CDEC}.Debug|Any CPU.ActiveCfg = Debug|Any CPU
		{0731A8AE-3A7A-4447-A8EE-7F12C230CDEC}.Debug|Any CPU.Build.0 = Debug|Any CPU
		{0731A8AE-3A7A-4447-A8EE-7F12C230CDEC}.Release|Any CPU.ActiveCfg = Release|Any CPU
		{0731A8AE-3A7A-4447-A8EE-7F12C230CDEC}.Release|Any CPU.Build.0 = Release|Any CPU
		{8E3B22AC-1FBE-4987-859F-3F53418FD5E3}.Debug|Any CPU.ActiveCfg = Debug|Any CPU
		{8E3B22AC-1FBE-4987-859F-3F53418FD5E3}.Debug|Any CPU.Build.0 = Debug|Any CPU
		{8E3B22AC-1FBE-4987-859F-3F53418FD5E3}.Release|Any CPU.ActiveCfg = Release|Any CPU
		{8E3B22AC-1FBE-4987-859F-3F53418FD5E3}.Release|Any CPU.Build.0 = Release|Any CPU
		{4776FFC5-6A0B-47A9-97FF-997B5BA32F73}.Debug|Any CPU.ActiveCfg = Debug|Any CPU
		{4776FFC5-6A0B-47A9-97FF-997B5BA32F73}.Debug|Any CPU.Build.0 = Debug|Any CPU
		{4776FFC5-6A0B-47A9-97FF-997B5BA32F73}.Release|Any CPU.ActiveCfg = Release|Any CPU
		{4776FFC5-6A0B-47A9-97FF-997B5BA32F73}.Release|Any CPU.Build.0 = Release|Any CPU
		{DD0FD7E3-9C8A-4DE4-9968-A3481847906A}.Debug|Any CPU.ActiveCfg = Debug|Any CPU
		{DD0FD7E3-9C8A-4DE4-9968-A3481847906A}.Debug|Any CPU.Build.0 = Debug|Any CPU
		{DD0FD7E3-9C8A-4DE4-9968-A3481847906A}.Release|Any CPU.ActiveCfg = Release|Any CPU
		{DD0FD7E3-9C8A-4DE4-9968-A3481847906A}.Release|Any CPU.Build.0 = Release|Any CPU
		{9847FBF2-E71D-435E-BCDF-1E57EEED0BD0}.Debug|Any CPU.ActiveCfg = Debug|Any CPU
		{9847FBF2-E71D-435E-BCDF-1E57EEED0BD0}.Debug|Any CPU.Build.0 = Debug|Any CPU
		{9847FBF2-E71D-435E-BCDF-1E57EEED0BD0}.Release|Any CPU.ActiveCfg = Release|Any CPU
		{9847FBF2-E71D-435E-BCDF-1E57EEED0BD0}.Release|Any CPU.Build.0 = Release|Any CPU
		{0B28295A-6D22-4CE0-9970-82E0E05B0CC7}.Debug|Any CPU.ActiveCfg = Debug|Any CPU
		{0B28295A-6D22-4CE0-9970-82E0E05B0CC7}.Debug|Any CPU.Build.0 = Debug|Any CPU
		{0B28295A-6D22-4CE0-9970-82E0E05B0CC7}.Release|Any CPU.ActiveCfg = Release|Any CPU
		{0B28295A-6D22-4CE0-9970-82E0E05B0CC7}.Release|Any CPU.Build.0 = Release|Any CPU
		{94041D15-96A1-4E1C-AD18-3EF986C066F7}.Debug|Any CPU.ActiveCfg = Debug|Any CPU
		{94041D15-96A1-4E1C-AD18-3EF986C066F7}.Debug|Any CPU.Build.0 = Debug|Any CPU
		{94041D15-96A1-4E1C-AD18-3EF986C066F7}.Release|Any CPU.ActiveCfg = Release|Any CPU
		{94041D15-96A1-4E1C-AD18-3EF986C066F7}.Release|Any CPU.Build.0 = Release|Any CPU
		{2E32FC83-CEB0-40F1-B858-CEB7FD2A255F}.Debug|Any CPU.ActiveCfg = Debug|Any CPU
		{2E32FC83-CEB0-40F1-B858-CEB7FD2A255F}.Debug|Any CPU.Build.0 = Debug|Any CPU
		{2E32FC83-CEB0-40F1-B858-CEB7FD2A255F}.Release|Any CPU.ActiveCfg = Release|Any CPU
		{2E32FC83-CEB0-40F1-B858-CEB7FD2A255F}.Release|Any CPU.Build.0 = Release|Any CPU
		{FC53CB6F-804B-465A-9C06-8D25E908B6BE}.Debug|Any CPU.ActiveCfg = Debug|Any CPU
		{FC53CB6F-804B-465A-9C06-8D25E908B6BE}.Debug|Any CPU.Build.0 = Debug|Any CPU
		{FC53CB6F-804B-465A-9C06-8D25E908B6BE}.Release|Any CPU.ActiveCfg = Release|Any CPU
		{FC53CB6F-804B-465A-9C06-8D25E908B6BE}.Release|Any CPU.Build.0 = Release|Any CPU
		{D0C57690-5627-4BED-840C-0316BD907405}.Debug|Any CPU.ActiveCfg = Debug|Any CPU
		{D0C57690-5627-4BED-840C-0316BD907405}.Debug|Any CPU.Build.0 = Debug|Any CPU
		{D0C57690-5627-4BED-840C-0316BD907405}.Release|Any CPU.ActiveCfg = Release|Any CPU
		{D0C57690-5627-4BED-840C-0316BD907405}.Release|Any CPU.Build.0 = Release|Any CPU
		{083B6977-D1FD-4FE7-80AF-558BC86F622D}.Debug|Any CPU.ActiveCfg = Debug|Any CPU
		{083B6977-D1FD-4FE7-80AF-558BC86F622D}.Debug|Any CPU.Build.0 = Debug|Any CPU
		{083B6977-D1FD-4FE7-80AF-558BC86F622D}.Release|Any CPU.ActiveCfg = Release|Any CPU
		{083B6977-D1FD-4FE7-80AF-558BC86F622D}.Release|Any CPU.Build.0 = Release|Any CPU
		{08753E7A-6A32-4C0F-B395-F21A343D76B5}.Debug|Any CPU.ActiveCfg = Debug|Any CPU
		{08753E7A-6A32-4C0F-B395-F21A343D76B5}.Debug|Any CPU.Build.0 = Debug|Any CPU
		{08753E7A-6A32-4C0F-B395-F21A343D76B5}.Release|Any CPU.ActiveCfg = Release|Any CPU
		{08753E7A-6A32-4C0F-B395-F21A343D76B5}.Release|Any CPU.Build.0 = Release|Any CPU
		{87476DB6-81B7-419C-ACD0-117B76B374BA}.Debug|Any CPU.ActiveCfg = Debug|Any CPU
		{87476DB6-81B7-419C-ACD0-117B76B374BA}.Debug|Any CPU.Build.0 = Debug|Any CPU
		{87476DB6-81B7-419C-ACD0-117B76B374BA}.Release|Any CPU.ActiveCfg = Release|Any CPU
		{87476DB6-81B7-419C-ACD0-117B76B374BA}.Release|Any CPU.Build.0 = Release|Any CPU
		{346DA379-F50E-43BD-966E-F2EDA1A7C35C}.Debug|Any CPU.ActiveCfg = Debug|Any CPU
		{346DA379-F50E-43BD-966E-F2EDA1A7C35C}.Debug|Any CPU.Build.0 = Debug|Any CPU
		{346DA379-F50E-43BD-966E-F2EDA1A7C35C}.Release|Any CPU.ActiveCfg = Release|Any CPU
		{346DA379-F50E-43BD-966E-F2EDA1A7C35C}.Release|Any CPU.Build.0 = Release|Any CPU
		{4B727BE8-5E2D-483F-B7DB-8D3F085D7FD6}.Debug|Any CPU.ActiveCfg = Debug|Any CPU
		{4B727BE8-5E2D-483F-B7DB-8D3F085D7FD6}.Debug|Any CPU.Build.0 = Debug|Any CPU
		{4B727BE8-5E2D-483F-B7DB-8D3F085D7FD6}.Release|Any CPU.ActiveCfg = Release|Any CPU
		{4B727BE8-5E2D-483F-B7DB-8D3F085D7FD6}.Release|Any CPU.Build.0 = Release|Any CPU
		{78563890-D2FD-4509-A7A1-56B3348E8AE6}.Debug|Any CPU.ActiveCfg = Debug|Any CPU
		{78563890-D2FD-4509-A7A1-56B3348E8AE6}.Debug|Any CPU.Build.0 = Debug|Any CPU
		{78563890-D2FD-4509-A7A1-56B3348E8AE6}.Release|Any CPU.ActiveCfg = Release|Any CPU
		{78563890-D2FD-4509-A7A1-56B3348E8AE6}.Release|Any CPU.Build.0 = Release|Any CPU
		{FC27A5B7-2E4D-4526-A87B-BB0C49B75F7A}.Debug|Any CPU.ActiveCfg = Debug|Any CPU
		{FC27A5B7-2E4D-4526-A87B-BB0C49B75F7A}.Debug|Any CPU.Build.0 = Debug|Any CPU
		{FC27A5B7-2E4D-4526-A87B-BB0C49B75F7A}.Release|Any CPU.ActiveCfg = Release|Any CPU
		{FC27A5B7-2E4D-4526-A87B-BB0C49B75F7A}.Release|Any CPU.Build.0 = Release|Any CPU
		{E90B5817-6F2E-4353-ABDA-048C95B627C0}.Debug|Any CPU.ActiveCfg = Debug|Any CPU
		{E90B5817-6F2E-4353-ABDA-048C95B627C0}.Debug|Any CPU.Build.0 = Debug|Any CPU
		{E90B5817-6F2E-4353-ABDA-048C95B627C0}.Release|Any CPU.ActiveCfg = Release|Any CPU
		{E90B5817-6F2E-4353-ABDA-048C95B627C0}.Release|Any CPU.Build.0 = Release|Any CPU
		{568F5D7E-7799-495F-8186-503CF9EF7E66}.Debug|Any CPU.ActiveCfg = Debug|Any CPU
		{568F5D7E-7799-495F-8186-503CF9EF7E66}.Debug|Any CPU.Build.0 = Debug|Any CPU
		{568F5D7E-7799-495F-8186-503CF9EF7E66}.Release|Any CPU.ActiveCfg = Release|Any CPU
		{568F5D7E-7799-495F-8186-503CF9EF7E66}.Release|Any CPU.Build.0 = Release|Any CPU
		{2E27616C-8929-45A3-A28C-60F284395AD7}.Debug|Any CPU.ActiveCfg = Debug|Any CPU
		{2E27616C-8929-45A3-A28C-60F284395AD7}.Debug|Any CPU.Build.0 = Debug|Any CPU
		{2E27616C-8929-45A3-A28C-60F284395AD7}.Release|Any CPU.ActiveCfg = Release|Any CPU
		{2E27616C-8929-45A3-A28C-60F284395AD7}.Release|Any CPU.Build.0 = Release|Any CPU
		{E8FBB760-FE33-4311-88DF-DF47063B9466}.Debug|Any CPU.ActiveCfg = Debug|Any CPU
		{E8FBB760-FE33-4311-88DF-DF47063B9466}.Debug|Any CPU.Build.0 = Debug|Any CPU
		{E8FBB760-FE33-4311-88DF-DF47063B9466}.Release|Any CPU.ActiveCfg = Release|Any CPU
		{E8FBB760-FE33-4311-88DF-DF47063B9466}.Release|Any CPU.Build.0 = Release|Any CPU
		{01CE0E43-B736-4DF9-9405-8C8B62FA76EA}.Debug|Any CPU.ActiveCfg = Debug|Any CPU
		{01CE0E43-B736-4DF9-9405-8C8B62FA76EA}.Debug|Any CPU.Build.0 = Debug|Any CPU
		{01CE0E43-B736-4DF9-9405-8C8B62FA76EA}.Release|Any CPU.ActiveCfg = Release|Any CPU
		{01CE0E43-B736-4DF9-9405-8C8B62FA76EA}.Release|Any CPU.Build.0 = Release|Any CPU
		{8BEA4F85-08EF-4B34-82DE-6E38F8FFDF9F}.Debug|Any CPU.ActiveCfg = Debug|Any CPU
		{8BEA4F85-08EF-4B34-82DE-6E38F8FFDF9F}.Debug|Any CPU.Build.0 = Debug|Any CPU
		{8BEA4F85-08EF-4B34-82DE-6E38F8FFDF9F}.Release|Any CPU.ActiveCfg = Release|Any CPU
		{8BEA4F85-08EF-4B34-82DE-6E38F8FFDF9F}.Release|Any CPU.Build.0 = Release|Any CPU
		{AD39B7E3-5DD7-4392-9B68-706C7D5122FE}.Debug|Any CPU.ActiveCfg = Debug|Any CPU
		{AD39B7E3-5DD7-4392-9B68-706C7D5122FE}.Debug|Any CPU.Build.0 = Debug|Any CPU
		{AD39B7E3-5DD7-4392-9B68-706C7D5122FE}.Release|Any CPU.ActiveCfg = Release|Any CPU
		{AD39B7E3-5DD7-4392-9B68-706C7D5122FE}.Release|Any CPU.Build.0 = Release|Any CPU
		{D6A6A603-ED16-4F49-9D51-B33B8F509ADB}.Debug|Any CPU.ActiveCfg = Debug|Any CPU
		{D6A6A603-ED16-4F49-9D51-B33B8F509ADB}.Debug|Any CPU.Build.0 = Debug|Any CPU
		{D6A6A603-ED16-4F49-9D51-B33B8F509ADB}.Release|Any CPU.ActiveCfg = Release|Any CPU
		{D6A6A603-ED16-4F49-9D51-B33B8F509ADB}.Release|Any CPU.Build.0 = Release|Any CPU
		{4E1D529F-686F-47D6-9423-65457FD0C9A5}.Debug|Any CPU.ActiveCfg = Debug|Any CPU
		{4E1D529F-686F-47D6-9423-65457FD0C9A5}.Debug|Any CPU.Build.0 = Debug|Any CPU
		{4E1D529F-686F-47D6-9423-65457FD0C9A5}.Release|Any CPU.ActiveCfg = Release|Any CPU
		{4E1D529F-686F-47D6-9423-65457FD0C9A5}.Release|Any CPU.Build.0 = Release|Any CPU
		{F713114E-1598-41F1-B29D-58122CA7653D}.Debug|Any CPU.ActiveCfg = Debug|Any CPU
		{F713114E-1598-41F1-B29D-58122CA7653D}.Debug|Any CPU.Build.0 = Debug|Any CPU
		{F713114E-1598-41F1-B29D-58122CA7653D}.Release|Any CPU.ActiveCfg = Release|Any CPU
		{F713114E-1598-41F1-B29D-58122CA7653D}.Release|Any CPU.Build.0 = Release|Any CPU
		{DC1AE629-FC4E-4E1E-9A2E-22A633925AC2}.Debug|Any CPU.ActiveCfg = Debug|Any CPU
		{DC1AE629-FC4E-4E1E-9A2E-22A633925AC2}.Debug|Any CPU.Build.0 = Debug|Any CPU
		{DC1AE629-FC4E-4E1E-9A2E-22A633925AC2}.Release|Any CPU.ActiveCfg = Release|Any CPU
		{DC1AE629-FC4E-4E1E-9A2E-22A633925AC2}.Release|Any CPU.Build.0 = Release|Any CPU
		{7527F23B-6C05-4E45-A3FD-69C315621C35}.Debug|Any CPU.ActiveCfg = Debug|Any CPU
		{7527F23B-6C05-4E45-A3FD-69C315621C35}.Debug|Any CPU.Build.0 = Debug|Any CPU
		{7527F23B-6C05-4E45-A3FD-69C315621C35}.Release|Any CPU.ActiveCfg = Release|Any CPU
		{7527F23B-6C05-4E45-A3FD-69C315621C35}.Release|Any CPU.Build.0 = Release|Any CPU
		{4ACBF4A1-1F51-4F46-A5E8-408AA6BE7DFD}.Debug|Any CPU.ActiveCfg = Debug|Any CPU
		{4ACBF4A1-1F51-4F46-A5E8-408AA6BE7DFD}.Debug|Any CPU.Build.0 = Debug|Any CPU
		{4ACBF4A1-1F51-4F46-A5E8-408AA6BE7DFD}.Release|Any CPU.ActiveCfg = Release|Any CPU
		{4ACBF4A1-1F51-4F46-A5E8-408AA6BE7DFD}.Release|Any CPU.Build.0 = Release|Any CPU
		{735120FE-0440-4D01-8BA5-A3ACDD4F26EB}.Debug|Any CPU.ActiveCfg = Debug|Any CPU
		{735120FE-0440-4D01-8BA5-A3ACDD4F26EB}.Debug|Any CPU.Build.0 = Debug|Any CPU
		{735120FE-0440-4D01-8BA5-A3ACDD4F26EB}.Release|Any CPU.ActiveCfg = Release|Any CPU
		{735120FE-0440-4D01-8BA5-A3ACDD4F26EB}.Release|Any CPU.Build.0 = Release|Any CPU
		{CE8F25A6-3A68-4562-A2AD-275AD5870BCB}.Debug|Any CPU.ActiveCfg = Debug|Any CPU
		{CE8F25A6-3A68-4562-A2AD-275AD5870BCB}.Debug|Any CPU.Build.0 = Debug|Any CPU
		{CE8F25A6-3A68-4562-A2AD-275AD5870BCB}.Release|Any CPU.ActiveCfg = Release|Any CPU
		{CE8F25A6-3A68-4562-A2AD-275AD5870BCB}.Release|Any CPU.Build.0 = Release|Any CPU
		{C41EEAC2-0F7C-408C-B349-B8B41EC3F362}.Debug|Any CPU.ActiveCfg = Debug|Any CPU
		{C41EEAC2-0F7C-408C-B349-B8B41EC3F362}.Debug|Any CPU.Build.0 = Debug|Any CPU
		{C41EEAC2-0F7C-408C-B349-B8B41EC3F362}.Release|Any CPU.ActiveCfg = Release|Any CPU
		{C41EEAC2-0F7C-408C-B349-B8B41EC3F362}.Release|Any CPU.Build.0 = Release|Any CPU
		{0B531B97-8F53-4BCE-B92D-946325B2C997}.Debug|Any CPU.ActiveCfg = Debug|Any CPU
		{0B531B97-8F53-4BCE-B92D-946325B2C997}.Debug|Any CPU.Build.0 = Debug|Any CPU
		{0B531B97-8F53-4BCE-B92D-946325B2C997}.Release|Any CPU.ActiveCfg = Release|Any CPU
		{0B531B97-8F53-4BCE-B92D-946325B2C997}.Release|Any CPU.Build.0 = Release|Any CPU
		{5C807C90-437E-45A1-B14B-879F5409DA0A}.Debug|Any CPU.ActiveCfg = Debug|Any CPU
		{5C807C90-437E-45A1-B14B-879F5409DA0A}.Debug|Any CPU.Build.0 = Debug|Any CPU
		{5C807C90-437E-45A1-B14B-879F5409DA0A}.Release|Any CPU.ActiveCfg = Release|Any CPU
		{5C807C90-437E-45A1-B14B-879F5409DA0A}.Release|Any CPU.Build.0 = Release|Any CPU
		{66C3BB25-0364-4ACE-B778-90A8119C178D}.Debug|Any CPU.ActiveCfg = Debug|Any CPU
		{66C3BB25-0364-4ACE-B778-90A8119C178D}.Debug|Any CPU.Build.0 = Debug|Any CPU
		{66C3BB25-0364-4ACE-B778-90A8119C178D}.Release|Any CPU.ActiveCfg = Release|Any CPU
		{66C3BB25-0364-4ACE-B778-90A8119C178D}.Release|Any CPU.Build.0 = Release|Any CPU
		{ABCCE6E3-CE46-440D-B241-77A5B36D790F}.Debug|Any CPU.ActiveCfg = Debug|Any CPU
		{ABCCE6E3-CE46-440D-B241-77A5B36D790F}.Debug|Any CPU.Build.0 = Debug|Any CPU
		{ABCCE6E3-CE46-440D-B241-77A5B36D790F}.Release|Any CPU.ActiveCfg = Release|Any CPU
		{ABCCE6E3-CE46-440D-B241-77A5B36D790F}.Release|Any CPU.Build.0 = Release|Any CPU
		{1EC0A23A-403D-43EA-94EC-27FB33BE73C1}.Debug|Any CPU.ActiveCfg = Debug|Any CPU
		{1EC0A23A-403D-43EA-94EC-27FB33BE73C1}.Debug|Any CPU.Build.0 = Debug|Any CPU
		{1EC0A23A-403D-43EA-94EC-27FB33BE73C1}.Release|Any CPU.ActiveCfg = Release|Any CPU
		{1EC0A23A-403D-43EA-94EC-27FB33BE73C1}.Release|Any CPU.Build.0 = Release|Any CPU
		{9A805D17-99E7-470C-A354-AD0B4EACBFFF}.Debug|Any CPU.ActiveCfg = Debug|Any CPU
		{9A805D17-99E7-470C-A354-AD0B4EACBFFF}.Debug|Any CPU.Build.0 = Debug|Any CPU
		{9A805D17-99E7-470C-A354-AD0B4EACBFFF}.Release|Any CPU.ActiveCfg = Release|Any CPU
		{9A805D17-99E7-470C-A354-AD0B4EACBFFF}.Release|Any CPU.Build.0 = Release|Any CPU
	EndGlobalSection
	GlobalSection(SolutionProperties) = preSolution
		HideSolutionNode = FALSE
	EndGlobalSection
EndGlobal
